
Microsoft Visual Studio Solution File, Format Version 12.00
# Visual Studio Version 17
VisualStudioVersion = 17.4.33205.214
MinimumVisualStudioVersion = 10.0.40219.1
Project("{FAE04EC0-301F-11D3-BF4B-00C04F79EFBC}") = "MongoDBApiDemo", "MongoDBApiDemo\MongoDBApiDemo.csproj", "{8BDA2C24-E8FD-40F6-9552-00AD91FBE322}"
EndProject
Global
	GlobalSection(SolutionConfigurationPlatforms) = preSolution
		Debug|Any CPU = Debug|Any CPU
		Release|Any CPU = Release|Any CPU
	EndGlobalSection
	GlobalSection(ProjectConfigurationPlatforms) = postSolution
		{8BDA2C24-E8FD-40F6-9552-00AD91FBE322}.Debug|Any CPU.ActiveCfg = Debug|Any CPU
		{8BDA2C24-E8FD-40F6-9552-00AD91FBE322}.Debug|Any CPU.Build.0 = Debug|Any CPU
		{8BDA2C24-E8FD-40F6-9552-00AD91FBE322}.Release|Any CPU.ActiveCfg = Release|Any CPU
		{8BDA2C24-E8FD-40F6-9552-00AD91FBE322}.Release|Any CPU.Build.0 = Release|Any CPU
	EndGlobalSection
	GlobalSection(SolutionProperties) = preSolution
		HideSolutionNode = FALSE
	EndGlobalSection
	GlobalSection(ExtensibilityGlobals) = postSolution
		SolutionGuid = {561A21E2-A436-49F6-A854-6C81490F5023}
	EndGlobalSection
EndGlobal
